
Microsoft Visual Studio Solution File, Format Version 12.00
# Visual Studio Version 17
VisualStudioVersion = 17.14.36717.8 d17.14
MinimumVisualStudioVersion = 10.0.40219.1
Project("{FAE04EC0-301F-11D3-BF4B-00C04F79EFBC}") = "eCommerce.API", "eCommerce.API\eCommerce.API.csproj", "{FB856AF2-0C01-42EA-B8E4-911674608306}"
EndProject
Project("{FAE04EC0-301F-11D3-BF4B-00C04F79EFBC}") = "eCommerce.Infrastructure", "eCommerce.Infrastructure\eCommerce.Infrastructure.csproj", "{E3FAF4E6-1C88-48E7-B05E-F58F8FA22513}"
EndProject
Project("{FAE04EC0-301F-11D3-BF4B-00C04F79EFBC}") = "eCommerce.Core", "eCommerce.Core\eCommerce.Core.csproj", "{E0E8F26D-9655-4712-A0A7-EE22B3795CBE}"
EndProject
Global
	GlobalSection(SolutionConfigurationPlatforms) = preSolution
		Debug|Any CPU = Debug|Any CPU
		Release|Any CPU = Release|Any CPU
	EndGlobalSection
	GlobalSection(ProjectConfigurationPlatforms) = postSolution
		{FB856AF2-0C01-42EA-B8E4-911674608306}.Debug|Any CPU.ActiveCfg = Debug|Any CPU
		{FB856AF2-0C01-42EA-B8E4-911674608306}.Debug|Any CPU.Build.0 = Debug|Any CPU
		{FB856AF2-0C01-42EA-B8E4-911674608306}.Release|Any CPU.ActiveCfg = Release|Any CPU
		{FB856AF2-0C01-42EA-B8E4-911674608306}.Release|Any CPU.Build.0 = Release|Any CPU
		{E3FAF4E6-1C88-48E7-B05E-F58F8FA22513}.Debug|Any CPU.ActiveCfg = Debug|Any CPU
		{E3FAF4E6-1C88-48E7-B05E-F58F8FA22513}.Debug|Any CPU.Build.0 = Debug|Any CPU
		{E3FAF4E6-1C88-48E7-B05E-F58F8FA22513}.Release|Any CPU.ActiveCfg = Release|Any CPU
		{E3FAF4E6-1C88-48E7-B05E-F58F8FA22513}.Release|Any CPU.Build.0 = Release|Any CPU
		{E0E8F26D-9655-4712-A0A7-EE22B3795CBE}.Debug|Any CPU.ActiveCfg = Debug|Any CPU
		{E0E8F26D-9655-4712-A0A7-EE22B3795CBE}.Debug|Any CPU.Build.0 = Debug|Any CPU
		{E0E8F26D-9655-4712-A0A7-EE22B3795CBE}.Release|Any CPU.ActiveCfg = Release|Any CPU
		{E0E8F26D-9655-4712-A0A7-EE22B3795CBE}.Release|Any CPU.Build.0 = Release|Any CPU
	EndGlobalSection
	GlobalSection(SolutionProperties) = preSolution
		HideSolutionNode = FALSE
	EndGlobalSection
	GlobalSection(ExtensibilityGlobals) = postSolution
		SolutionGuid = {421E54CC-6CD2-42BE-9502-176EDDD5F316}
	EndGlobalSection
EndGlobal
